
Microsoft Visual Studio Solution File, Format Version 12.00
# Visual Studio Version 17
VisualStudioVersion = 17.0.31903.59
MinimumVisualStudioVersion = 10.0.40219.1
Project("{2150E333-8FDC-42A3-9474-1A3956D46DE8}") = "src", "src", "{827E0CD3-B72D-47B6-A68D-7590B98EB39B}"
EndProject
Project("{FAE04EC0-301F-11D3-BF4B-00C04F79EFBC}") = "Core", "src\Core\Core.csproj", "{D72722BF-3AC9-4694-A887-42FE25CF047F}"
EndProject
Project("{2150E333-8FDC-42A3-9474-1A3956D46DE8}") = "tests", "tests", "{0AB3BF05-4346-4AA6-1389-037BE0695223}"
EndProject
Project("{FAE04EC0-301F-11D3-BF4B-00C04F79EFBC}") = "Core.Tests", "tests\Core.Tests\Core.Tests.csproj", "{2B8FD06D-EE8F-4328-9E85-6E3265A49D29}"
EndProject
Project("{FAE04EC0-301F-11D3-BF4B-00C04F79EFBC}") = "Infrastructure", "src\Infrastructure\Infrastructure.csproj", "{506DA7AC-5E5B-42B9-A175-D6311EAB68F3}"
EndProject
Project("{FAE04EC0-301F-11D3-BF4B-00C04F79EFBC}") = "Api", "src\Api\Api.csproj", "{D17ABCDD-0272-486F-B7F3-8CB52F58F0A7}"
EndProject
Project("{FAE04EC0-301F-11D3-BF4B-00C04F79EFBC}") = "Api.Tests", "tests\Api.Tests\Api.Tests.csproj", "{490EB8C4-7E43-42BD-9094-33C014DACD99}"
EndProject
Global
	GlobalSection(SolutionConfigurationPlatforms) = preSolution
		Debug|Any CPU = Debug|Any CPU
		Debug|x64 = Debug|x64
		Debug|x86 = Debug|x86
		Release|Any CPU = Release|Any CPU
		Release|x64 = Release|x64
		Release|x86 = Release|x86
	EndGlobalSection
	GlobalSection(ProjectConfigurationPlatforms) = postSolution
		{D72722BF-3AC9-4694-A887-42FE25CF047F}.Debug|Any CPU.ActiveCfg = Debug|Any CPU
		{D72722BF-3AC9-4694-A887-42FE25CF047F}.Debug|Any CPU.Build.0 = Debug|Any CPU
		{D72722BF-3AC9-4694-A887-42FE25CF047F}.Debug|x64.ActiveCfg = Debug|Any CPU
		{D72722BF-3AC9-4694-A887-42FE25CF047F}.Debug|x64.Build.0 = Debug|Any CPU
		{D72722BF-3AC9-4694-A887-42FE25CF047F}.Debug|x86.ActiveCfg = Debug|Any CPU
		{D72722BF-3AC9-4694-A887-42FE25CF047F}.Debug|x86.Build.0 = Debug|Any CPU
		{D72722BF-3AC9-4694-A887-42FE25CF047F}.Release|Any CPU.ActiveCfg = Release|Any CPU
		{D72722BF-3AC9-4694-A887-42FE25CF047F}.Release|Any CPU.Build.0 = Release|Any CPU
		{D72722BF-3AC9-4694-A887-42FE25CF047F}.Release|x64.ActiveCfg = Release|Any CPU
		{D72722BF-3AC9-4694-A887-42FE25CF047F}.Release|x64.Build.0 = Release|Any CPU
		{D72722BF-3AC9-4694-A887-42FE25CF047F}.Release|x86.ActiveCfg = Release|Any CPU
		{D72722BF-3AC9-4694-A887-42FE25CF047F}.Release|x86.Build.0 = Release|Any CPU
		{2B8FD06D-EE8F-4328-9E85-6E3265A49D29}.Debug|Any CPU.ActiveCfg = Debug|Any CPU
		{2B8FD06D-EE8F-4328-9E85-6E3265A49D29}.Debug|Any CPU.Build.0 = Debug|Any CPU
		{2B8FD06D-EE8F-4328-9E85-6E3265A49D29}.Debug|x64.ActiveCfg = Debug|Any CPU
		{2B8FD06D-EE8F-4328-9E85-6E3265A49D29}.Debug|x64.Build.0 = Debug|Any CPU
		{2B8FD06D-EE8F-4328-9E85-6E3265A49D29}.Debug|x86.ActiveCfg = Debug|Any CPU
		{2B8FD06D-EE8F-4328-9E85-6E3265A49D29}.Debug|x86.Build.0 = Debug|Any CPU
		{2B8FD06D-EE8F-4328-9E85-6E3265A49D29}.Release|Any CPU.ActiveCfg = Release|Any CPU
		{2B8FD06D-EE8F-4328-9E85-6E3265A49D29}.Release|Any CPU.Build.0 = Release|Any CPU
		{2B8FD06D-EE8F-4328-9E85-6E3265A49D29}.Release|x64.ActiveCfg = Release|Any CPU
		{2B8FD06D-EE8F-4328-9E85-6E3265A49D29}.Release|x64.Build.0 = Release|Any CPU
		{2B8FD06D-EE8F-4328-9E85-6E3265A49D29}.Release|x86.ActiveCfg = Release|Any CPU
		{2B8FD06D-EE8F-4328-9E85-6E3265A49D29}.Release|x86.Build.0 = Release|Any CPU
		{506DA7AC-5E5B-42B9-A175-D6311EAB68F3}.Debug|Any CPU.ActiveCfg = Debug|Any CPU
		{506DA7AC-5E5B-42B9-A175-D6311EAB68F3}.Debug|Any CPU.Build.0 = Debug|Any CPU
		{506DA7AC-5E5B-42B9-A175-D6311EAB68F3}.Debug|x64.ActiveCfg = Debug|Any CPU
		{506DA7AC-5E5B-42B9-A175-D6311EAB68F3}.Debug|x64.Build.0 = Debug|Any CPU
		{506DA7AC-5E5B-42B9-A175-D6311EAB68F3}.Debug|x86.ActiveCfg = Debug|Any CPU
		{506DA7AC-5E5B-42B9-A175-D6311EAB68F3}.Debug|x86.Build.0 = Debug|Any CPU
		{506DA7AC-5E5B-42B9-A175-D6311EAB68F3}.Release|Any CPU.ActiveCfg = Release|Any CPU
		{506DA7AC-5E5B-42B9-A175-D6311EAB68F3}.Release|Any CPU.Build.0 = Release|Any CPU
		{506DA7AC-5E5B-42B9-A175-D6311EAB68F3}.Release|x64.ActiveCfg = Release|Any CPU
		{506DA7AC-5E5B-42B9-A175-D6311EAB68F3}.Release|x64.Build.0 = Release|Any CPU
		{506DA7AC-5E5B-42B9-A175-D6311EAB68F3}.Release|x86.ActiveCfg = Release|Any CPU
		{506DA7AC-5E5B-42B9-A175-D6311EAB68F3}.Release|x86.Build.0 = Release|Any CPU
		{D17ABCDD-0272-486F-B7F3-8CB52F58F0A7}.Debug|Any CPU.ActiveCfg = Debug|Any CPU
		{D17ABCDD-0272-486F-B7F3-8CB52F58F0A7}.Debug|Any CPU.Build.0 = Debug|Any CPU
		{D17ABCDD-0272-486F-B7F3-8CB52F58F0A7}.Debug|x64.ActiveCfg = Debug|Any CPU
		{D17ABCDD-0272-486F-B7F3-8CB52F58F0A7}.Debug|x64.Build.0 = Debug|Any CPU
		{D17ABCDD-0272-486F-B7F3-8CB52F58F0A7}.Debug|x86.ActiveCfg = Debug|Any CPU
		{D17ABCDD-0272-486F-B7F3-8CB52F58F0A7}.Debug|x86.Build.0 = Debug|Any CPU
		{D17ABCDD-0272-486F-B7F3-8CB52F58F0A7}.Release|Any CPU.ActiveCfg = Release|Any CPU
		{D17ABCDD-0272-486F-B7F3-8CB52F58F0A7}.Release|Any CPU.Build.0 = Release|Any CPU
		{D17ABCDD-0272-486F-B7F3-8CB52F58F0A7}.Release|x64.ActiveCfg = Release|Any CPU
		{D17ABCDD-0272-486F-B7F3-8CB52F58F0A7}.Release|x64.Build.0 = Release|Any CPU
		{D17ABCDD-0272-486F-B7F3-8CB52F58F0A7}.Release|x86.ActiveCfg = Release|Any CPU
		{D17ABCDD-0272-486F-B7F3-8CB52F58F0A7}.Release|x86.Build.0 = Release|Any CPU
		{490EB8C4-7E43-42BD-9094-33C014DACD99}.Debug|Any CPU.ActiveCfg = Debug|Any CPU
		{490EB8C4-7E43-42BD-9094-33C014DACD99}.Debug|Any CPU.Build.0 = Debug|Any CPU
		{490EB8C4-7E43-42BD-9094-33C014DACD99}.Debug|x64.ActiveCfg = Debug|Any CPU
		{490EB8C4-7E43-42BD-9094-33C014DACD99}.Debug|x64.Build.0 = Debug|Any CPU
		{490EB8C4-7E43-42BD-9094-33C014DACD99}.Debug|x86.ActiveCfg = Debug|Any CPU
		{490EB8C4-7E43-42BD-9094-33C014DACD99}.Debug|x86.Build.0 = Debug|Any CPU
		{490EB8C4-7E43-42BD-9094-33C014DACD99}.Release|Any CPU.ActiveCfg = Release|Any CPU
		{490EB8C4-7E43-42BD-9094-33C014DACD99}.Release|Any CPU.Build.0 = Release|Any CPU
		{490EB8C4-7E43-42BD-9094-33C014DACD99}.Release|x64.ActiveCfg = Release|Any CPU
		{490EB8C4-7E43-42BD-9094-33C014DACD99}.Release|x64.Build.0 = Release|Any CPU
		{490EB8C4-7E43-42BD-9094-33C014DACD99}.Release|x86.ActiveCfg = Release|Any CPU
		{490EB8C4-7E43-42BD-9094-33C014DACD99}.Release|x86.Build.0 = Release|Any CPU
	EndGlobalSection
	GlobalSection(SolutionProperties) = preSolution
		HideSolutionNode = FALSE
	EndGlobalSection
	GlobalSection(NestedProjects) = preSolution
		{D72722BF-3AC9-4694-A887-42FE25CF047F} = {827E0CD3-B72D-47B6-A68D-7590B98EB39B}
		{2B8FD06D-EE8F-4328-9E85-6E3265A49D29} = {0AB3BF05-4346-4AA6-1389-037BE0695223}
		{506DA7AC-5E5B-42B9-A175-D6311EAB68F3} = {827E0CD3-B72D-47B6-A68D-7590B98EB39B}
		{D17ABCDD-0272-486F-B7F3-8CB52F58F0A7} = {827E0CD3-B72D-47B6-A68D-7590B98EB39B}
		{490EB8C4-7E43-42BD-9094-33C014DACD99} = {0AB3BF05-4346-4AA6-1389-037BE0695223}
	EndGlobalSection
EndGlobal
